
Microsoft Visual Studio Solution File, Format Version 12.00
# Visual Studio Version 17
VisualStudioVersion = 17.14.36301.6 d17.14
MinimumVisualStudioVersion = 10.0.40219.1
Project("{FAE04EC0-301F-11D3-BF4B-00C04F79EFBC}") = "Number_Guessing_Game", "Number_Guessing_Game.csproj", "{2EBF80F5-ED15-4BCB-B231-6186402976B2}"
EndProject
Global
	GlobalSection(SolutionConfigurationPlatforms) = preSolution
		Debug|Any CPU = Debug|Any CPU
		Release|Any CPU = Release|Any CPU
	EndGlobalSection
	GlobalSection(ProjectConfigurationPlatforms) = postSolution
		{2EBF80F5-ED15-4BCB-B231-6186402976B2}.Debug|Any CPU.ActiveCfg = Debug|Any CPU
		{2EBF80F5-ED15-4BCB-B231-6186402976B2}.Debug|Any CPU.Build.0 = Debug|Any CPU
		{2EBF80F5-ED15-4BCB-B231-6186402976B2}.Release|Any CPU.ActiveCfg = Release|Any CPU
		{2EBF80F5-ED15-4BCB-B231-6186402976B2}.Release|Any CPU.Build.0 = Release|Any CPU
	EndGlobalSection
	GlobalSection(SolutionProperties) = preSolution
		HideSolutionNode = FALSE
	EndGlobalSection
	GlobalSection(ExtensibilityGlobals) = postSolution
		SolutionGuid = {83DB8D74-03A1-41EE-BB6E-81128DEA0059}
	EndGlobalSection
EndGlobal
